
Microsoft Visual Studio Solution File, Format Version 12.00
# Visual Studio 15
VisualStudioVersion = 15.0.28307.168
MinimumVisualStudioVersion = 10.0.40219.1
Project("{9A19103F-16F7-4668-BE54-9A1E7A4F7556}") = "LinuxService", "LinuxService\LinuxService.csproj", "{A1E3F1EB-4E54-4682-8B6D-72DD32A68287}"
EndProject
Global
	GlobalSection(SolutionConfigurationPlatforms) = preSolution
		Debug|Any CPU = Debug|Any CPU
		Release|Any CPU = Release|Any CPU
	EndGlobalSection
	GlobalSection(ProjectConfigurationPlatforms) = postSolution
		{A1E3F1EB-4E54-4682-8B6D-72DD32A68287}.Debug|Any CPU.ActiveCfg = Debug|Any CPU
		{A1E3F1EB-4E54-4682-8B6D-72DD32A68287}.Debug|Any CPU.Build.0 = Debug|Any CPU
		{A1E3F1EB-4E54-4682-8B6D-72DD32A68287}.Release|Any CPU.ActiveCfg = Release|Any CPU
		{A1E3F1EB-4E54-4682-8B6D-72DD32A68287}.Release|Any CPU.Build.0 = Release|Any CPU
	EndGlobalSection
	GlobalSection(SolutionProperties) = preSolution
		HideSolutionNode = FALSE
	EndGlobalSection
	GlobalSection(ExtensibilityGlobals) = postSolution
		SolutionGuid = {E4C9E0CD-FD1E-42B8-B867-34640362642E}
	EndGlobalSection
EndGlobal
